
Microsoft Visual Studio Solution File, Format Version 12.00
# Visual Studio Version 16
VisualStudioVersion = 16.0.29709.97
MinimumVisualStudioVersion = 10.0.40219.1
Project("{FAE04EC0-301F-11D3-BF4B-00C04F79EFBC}") = "Run.Simulados.Back.Dispatcher.Api", "Run.Simulados.Back.Dispatcher.Api\Run.Simulados.Back.Dispatcher.Api.csproj", "{BFAE0F41-9B9B-475A-B872-292A29CD6186}"
EndProject
Global
	GlobalSection(SolutionConfigurationPlatforms) = preSolution
		Debug|Any CPU = Debug|Any CPU
		Release|Any CPU = Release|Any CPU
	EndGlobalSection
	GlobalSection(ProjectConfigurationPlatforms) = postSolution
		{BFAE0F41-9B9B-475A-B872-292A29CD6186}.Debug|Any CPU.ActiveCfg = Debug|Any CPU
		{BFAE0F41-9B9B-475A-B872-292A29CD6186}.Debug|Any CPU.Build.0 = Debug|Any CPU
		{BFAE0F41-9B9B-475A-B872-292A29CD6186}.Release|Any CPU.ActiveCfg = Release|Any CPU
		{BFAE0F41-9B9B-475A-B872-292A29CD6186}.Release|Any CPU.Build.0 = Release|Any CPU
	EndGlobalSection
	GlobalSection(SolutionProperties) = preSolution
		HideSolutionNode = FALSE
	EndGlobalSection
	GlobalSection(ExtensibilityGlobals) = postSolution
		SolutionGuid = {F1A69894-1E78-440C-BBA3-0EB84AEFC476}
	EndGlobalSection
EndGlobal
